
Microsoft Visual Studio Solution File, Format Version 12.00
# Visual Studio Version 16
VisualStudioVersion = 16.0.30611.23
MinimumVisualStudioVersion = 10.0.40219.1
Project("{9A19103F-16F7-4668-BE54-9A1E7A4F7556}") = "MVCNewWebApp", "MVCNewWebApp\MVCNewWebApp.csproj", "{F876B645-F8EF-446B-9E13-4807AF2AE723}"
EndProject
Project("{FAE04EC0-301F-11D3-BF4B-00C04F79EFBC}") = "MVCWebApp", "MVCWebApp\MVCWebApp.csproj", "{FA835C4E-AB53-47B6-95FD-DDAD4F204E04}"
EndProject
Global
	GlobalSection(SolutionConfigurationPlatforms) = preSolution
		Debug|Any CPU = Debug|Any CPU
		Release|Any CPU = Release|Any CPU
	EndGlobalSection
	GlobalSection(ProjectConfigurationPlatforms) = postSolution
		{F876B645-F8EF-446B-9E13-4807AF2AE723}.Debug|Any CPU.ActiveCfg = Debug|Any CPU
		{F876B645-F8EF-446B-9E13-4807AF2AE723}.Debug|Any CPU.Build.0 = Debug|Any CPU
		{F876B645-F8EF-446B-9E13-4807AF2AE723}.Release|Any CPU.ActiveCfg = Release|Any CPU
		{F876B645-F8EF-446B-9E13-4807AF2AE723}.Release|Any CPU.Build.0 = Release|Any CPU
		{FA835C4E-AB53-47B6-95FD-DDAD4F204E04}.Debug|Any CPU.ActiveCfg = Debug|Any CPU
		{FA835C4E-AB53-47B6-95FD-DDAD4F204E04}.Debug|Any CPU.Build.0 = Debug|Any CPU
		{FA835C4E-AB53-47B6-95FD-DDAD4F204E04}.Release|Any CPU.ActiveCfg = Release|Any CPU
		{FA835C4E-AB53-47B6-95FD-DDAD4F204E04}.Release|Any CPU.Build.0 = Release|Any CPU
	EndGlobalSection
	GlobalSection(SolutionProperties) = preSolution
		HideSolutionNode = FALSE
	EndGlobalSection
	GlobalSection(ExtensibilityGlobals) = postSolution
		SolutionGuid = {6E398D30-A778-4166-B2A6-56B83082DCFC}
	EndGlobalSection
EndGlobal
